
Microsoft Visual Studio Solution File, Format Version 12.00
# Visual Studio Version 17
VisualStudioVersion = 17.0.31903.59
MinimumVisualStudioVersion = 10.0.40219.1
Project("{2150E333-8FDC-42A3-9474-1A3956D46DE8}") = "src", "src", "{B4750B58-5FF2-4EA1-801C-30AABFA9D55D}"
EndProject
Project("{F2A71F9B-5D33-465A-A702-920D77279786}") = "Whb.Core", "src\Whb.Core\Whb.Core.fsproj", "{987DF544-BAFD-43C1-813C-E60B4EFB57D5}"
EndProject
Project("{F2A71F9B-5D33-465A-A702-920D77279786}") = "Whb.Equipment", "src\Whb.Equipment\Whb.Equipment.fsproj", "{D28C254F-C365-4147-8F54-C4FD4942A33C}"
EndProject
Project("{F2A71F9B-5D33-465A-A702-920D77279786}") = "Whb.Cli", "src\Whb.Cli\Whb.Cli.fsproj", "{977432EC-F166-48AC-A3D6-4FF5E5EF9672}"
EndProject
Project("{2150E333-8FDC-42A3-9474-1A3956D46DE8}") = "tests", "tests", "{0AB3BF05-4346-4AA6-1389-037BE0695223}"
EndProject
Project("{F2A71F9B-5D33-465A-A702-920D77279786}") = "Whb.Tests", "tests\Whb.Tests\Whb.Tests.fsproj", "{95506E0C-E715-4F13-8184-61F8138C10CD}"
EndProject
Project("{2150E333-8FDC-42A3-9474-1A3956D46DE8}") = "Whb.Thermo", "Whb.Thermo", "{F6BC28A1-66D8-5A63-6086-A0C23CA886C1}"
EndProject
Project("{F2A71F9B-5D33-465A-A702-920D77279786}") = "WhbThermo.Boiling", "src\Whb.Thermo\src\WhbThermo.Boiling\WhbThermo.Boiling.fsproj", "{FA8C26EC-94BC-46CF-B0E6-E584947435B4}"
EndProject
Project("{F2A71F9B-5D33-465A-A702-920D77279786}") = "WhbThermo.Domain", "src\Whb.Thermo\src\WhbThermo.Domain\WhbThermo.Domain.fsproj", "{70FAA141-DD5E-4E22-8ECA-8B8F71AD322F}"
EndProject
Project("{F2A71F9B-5D33-465A-A702-920D77279786}") = "WhbThermo.Steam", "src\Whb.Thermo\src\WhbThermo.Steam\WhbThermo.Steam.fsproj", "{F58D02D6-5C6D-4663-AA8D-B85A9387D6BF}"
EndProject
Project("{F2A71F9B-5D33-465A-A702-920D77279786}") = "WhbThermo.Data", "src\Whb.Thermo\src\WhbThermo.Data\WhbThermo.Data.fsproj", "{7C79FFD6-68CE-4CB6-8F62-52FB4A98846D}"
EndProject
Project("{F2A71F9B-5D33-465A-A702-920D77279786}") = "WhbThermo.Convection", "src\Whb.Thermo\src\WhbThermo.Convection\WhbThermo.Convection.fsproj", "{E4731223-CE5A-4719-8359-D703F2C7758B}"
EndProject
Project("{F2A71F9B-5D33-465A-A702-920D77279786}") = "WhbThermo.Liquids", "src\Whb.Thermo\src\WhbThermo.Liquids\WhbThermo.Liquids.fsproj", "{6DCB260E-395B-4407-8E74-FA86EE3324CE}"
EndProject
Project("{F2A71F9B-5D33-465A-A702-920D77279786}") = "WhbThermo.Properties", "src\Whb.Thermo\src\WhbThermo.Properties\WhbThermo.Properties.fsproj", "{AF1A8821-045B-4B9D-AF85-01F5BB72D874}"
EndProject
Project("{F2A71F9B-5D33-465A-A702-920D77279786}") = "WhbThermo.Radiation", "src\Whb.Thermo\src\WhbThermo.Radiation\WhbThermo.Radiation.fsproj", "{EE05D64D-1336-4AEE-9D18-CFCD410F0A8B}"
EndProject
Project("{F2A71F9B-5D33-465A-A702-920D77279786}") = "WhbThermo.TwoPhase", "src\Whb.Thermo\src\WhbThermo.TwoPhase\WhbThermo.TwoPhase.fsproj", "{A76540F4-1AF8-41EB-BD8F-8430A676AB35}"
EndProject
Project("{F2A71F9B-5D33-465A-A702-920D77279786}") = "XSulfur", "src\Whb.Thermo\src\XSulfur\XSulfur.fsproj", "{A54A13D3-62BB-480E-89B8-EC155EB7F054}"
EndProject
Project("{2150E333-8FDC-42A3-9474-1A3956D46DE8}") = "Whb.Thermo", "Whb.Thermo", "{FBA104E4-D07E-A8BE-287D-81EE7E804C3F}"
EndProject
Project("{F2A71F9B-5D33-465A-A702-920D77279786}") = "WhbThermo.Tests", "src\Whb.Thermo\tests\WhbThermo.Tests\WhbThermo.Tests.fsproj", "{10346A5A-7838-4FB3-8BF4-9FEFB97AE308}"
EndProject
Global
	GlobalSection(SolutionConfigurationPlatforms) = preSolution
		Debug|Any CPU = Debug|Any CPU
		Debug|x64 = Debug|x64
		Debug|x86 = Debug|x86
		Release|Any CPU = Release|Any CPU
		Release|x64 = Release|x64
		Release|x86 = Release|x86
	EndGlobalSection
	GlobalSection(ProjectConfigurationPlatforms) = postSolution
		{987DF544-BAFD-43C1-813C-E60B4EFB57D5}.Debug|Any CPU.ActiveCfg = Debug|Any CPU
		{987DF544-BAFD-43C1-813C-E60B4EFB57D5}.Debug|Any CPU.Build.0 = Debug|Any CPU
		{987DF544-BAFD-43C1-813C-E60B4EFB57D5}.Debug|x64.ActiveCfg = Debug|Any CPU
		{987DF544-BAFD-43C1-813C-E60B4EFB57D5}.Debug|x64.Build.0 = Debug|Any CPU
		{987DF544-BAFD-43C1-813C-E60B4EFB57D5}.Debug|x86.ActiveCfg = Debug|Any CPU
		{987DF544-BAFD-43C1-813C-E60B4EFB57D5}.Debug|x86.Build.0 = Debug|Any CPU
		{987DF544-BAFD-43C1-813C-E60B4EFB57D5}.Release|Any CPU.ActiveCfg = Release|Any CPU
		{987DF544-BAFD-43C1-813C-E60B4EFB57D5}.Release|Any CPU.Build.0 = Release|Any CPU
		{987DF544-BAFD-43C1-813C-E60B4EFB57D5}.Release|x64.ActiveCfg = Release|Any CPU
		{987DF544-BAFD-43C1-813C-E60B4EFB57D5}.Release|x64.Build.0 = Release|Any CPU
		{987DF544-BAFD-43C1-813C-E60B4EFB57D5}.Release|x86.ActiveCfg = Release|Any CPU
		{987DF544-BAFD-43C1-813C-E60B4EFB57D5}.Release|x86.Build.0 = Release|Any CPU
		{D28C254F-C365-4147-8F54-C4FD4942A33C}.Debug|Any CPU.ActiveCfg = Debug|Any CPU
		{D28C254F-C365-4147-8F54-C4FD4942A33C}.Debug|Any CPU.Build.0 = Debug|Any CPU
		{D28C254F-C365-4147-8F54-C4FD4942A33C}.Debug|x64.ActiveCfg = Debug|Any CPU
		{D28C254F-C365-4147-8F54-C4FD4942A33C}.Debug|x64.Build.0 = Debug|Any CPU
		{D28C254F-C365-4147-8F54-C4FD4942A33C}.Debug|x86.ActiveCfg = Debug|Any CPU
		{D28C254F-C365-4147-8F54-C4FD4942A33C}.Debug|x86.Build.0 = Debug|Any CPU
		{D28C254F-C365-4147-8F54-C4FD4942A33C}.Release|Any CPU.ActiveCfg = Release|Any CPU
		{D28C254F-C365-4147-8F54-C4FD4942A33C}.Release|Any CPU.Build.0 = Release|Any CPU
		{D28C254F-C365-4147-8F54-C4FD4942A33C}.Release|x64.ActiveCfg = Release|Any CPU
		{D28C254F-C365-4147-8F54-C4FD4942A33C}.Release|x64.Build.0 = Release|Any CPU
		{D28C254F-C365-4147-8F54-C4FD4942A33C}.Release|x86.ActiveCfg = Release|Any CPU
		{D28C254F-C365-4147-8F54-C4FD4942A33C}.Release|x86.Build.0 = Release|Any CPU
		{977432EC-F166-48AC-A3D6-4FF5E5EF9672}.Debug|Any CPU.ActiveCfg = Debug|Any CPU
		{977432EC-F166-48AC-A3D6-4FF5E5EF9672}.Debug|Any CPU.Build.0 = Debug|Any CPU
		{977432EC-F166-48AC-A3D6-4FF5E5EF9672}.Debug|x64.ActiveCfg = Debug|Any CPU
		{977432EC-F166-48AC-A3D6-4FF5E5EF9672}.Debug|x64.Build.0 = Debug|Any CPU
		{977432EC-F166-48AC-A3D6-4FF5E5EF9672}.Debug|x86.ActiveCfg = Debug|Any CPU
		{977432EC-F166-48AC-A3D6-4FF5E5EF9672}.Debug|x86.Build.0 = Debug|Any CPU
		{977432EC-F166-48AC-A3D6-4FF5E5EF9672}.Release|Any CPU.ActiveCfg = Release|Any CPU
		{977432EC-F166-48AC-A3D6-4FF5E5EF9672}.Release|Any CPU.Build.0 = Release|Any CPU
		{977432EC-F166-48AC-A3D6-4FF5E5EF9672}.Release|x64.ActiveCfg = Release|Any CPU
		{977432EC-F166-48AC-A3D6-4FF5E5EF9672}.Release|x64.Build.0 = Release|Any CPU
		{977432EC-F166-48AC-A3D6-4FF5E5EF9672}.Release|x86.ActiveCfg = Release|Any CPU
		{977432EC-F166-48AC-A3D6-4FF5E5EF9672}.Release|x86.Build.0 = Release|Any CPU
		{95506E0C-E715-4F13-8184-61F8138C10CD}.Debug|Any CPU.ActiveCfg = Debug|Any CPU
		{95506E0C-E715-4F13-8184-61F8138C10CD}.Debug|Any CPU.Build.0 = Debug|Any CPU
		{95506E0C-E715-4F13-8184-61F8138C10CD}.Debug|x64.ActiveCfg = Debug|Any CPU
		{95506E0C-E715-4F13-8184-61F8138C10CD}.Debug|x64.Build.0 = Debug|Any CPU
		{95506E0C-E715-4F13-8184-61F8138C10CD}.Debug|x86.ActiveCfg = Debug|Any CPU
		{95506E0C-E715-4F13-8184-61F8138C10CD}.Debug|x86.Build.0 = Debug|Any CPU
		{95506E0C-E715-4F13-8184-61F8138C10CD}.Release|Any CPU.ActiveCfg = Release|Any CPU
		{95506E0C-E715-4F13-8184-61F8138C10CD}.Release|Any CPU.Build.0 = Release|Any CPU
		{95506E0C-E715-4F13-8184-61F8138C10CD}.Release|x64.ActiveCfg = Release|Any CPU
		{95506E0C-E715-4F13-8184-61F8138C10CD}.Release|x64.Build.0 = Release|Any CPU
		{95506E0C-E715-4F13-8184-61F8138C10CD}.Release|x86.ActiveCfg = Release|Any CPU
		{95506E0C-E715-4F13-8184-61F8138C10CD}.Release|x86.Build.0 = Release|Any CPU
		{FA8C26EC-94BC-46CF-B0E6-E584947435B4}.Debug|Any CPU.ActiveCfg = Debug|Any CPU
		{FA8C26EC-94BC-46CF-B0E6-E584947435B4}.Debug|Any CPU.Build.0 = Debug|Any CPU
		{FA8C26EC-94BC-46CF-B0E6-E584947435B4}.Debug|x64.ActiveCfg = Debug|Any CPU
		{FA8C26EC-94BC-46CF-B0E6-E584947435B4}.Debug|x64.Build.0 = Debug|Any CPU
		{FA8C26EC-94BC-46CF-B0E6-E584947435B4}.Debug|x86.ActiveCfg = Debug|Any CPU
		{FA8C26EC-94BC-46CF-B0E6-E584947435B4}.Debug|x86.Build.0 = Debug|Any CPU
		{FA8C26EC-94BC-46CF-B0E6-E584947435B4}.Release|Any CPU.ActiveCfg = Release|Any CPU
		{FA8C26EC-94BC-46CF-B0E6-E584947435B4}.Release|Any CPU.Build.0 = Release|Any CPU
		{FA8C26EC-94BC-46CF-B0E6-E584947435B4}.Release|x64.ActiveCfg = Release|Any CPU
		{FA8C26EC-94BC-46CF-B0E6-E584947435B4}.Release|x64.Build.0 = Release|Any CPU
		{FA8C26EC-94BC-46CF-B0E6-E584947435B4}.Release|x86.ActiveCfg = Release|Any CPU
		{FA8C26EC-94BC-46CF-B0E6-E584947435B4}.Release|x86.Build.0 = Release|Any CPU
		{70FAA141-DD5E-4E22-8ECA-8B8F71AD322F}.Debug|Any CPU.ActiveCfg = Debug|Any CPU
		{70FAA141-DD5E-4E22-8ECA-8B8F71AD322F}.Debug|Any CPU.Build.0 = Debug|Any CPU
		{70FAA141-DD5E-4E22-8ECA-8B8F71AD322F}.Debug|x64.ActiveCfg = Debug|Any CPU
		{70FAA141-DD5E-4E22-8ECA-8B8F71AD322F}.Debug|x64.Build.0 = Debug|Any CPU
		{70FAA141-DD5E-4E22-8ECA-8B8F71AD322F}.Debug|x86.ActiveCfg = Debug|Any CPU
		{70FAA141-DD5E-4E22-8ECA-8B8F71AD322F}.Debug|x86.Build.0 = Debug|Any CPU
		{70FAA141-DD5E-4E22-8ECA-8B8F71AD322F}.Release|Any CPU.ActiveCfg = Release|Any CPU
		{70FAA141-DD5E-4E22-8ECA-8B8F71AD322F}.Release|Any CPU.Build.0 = Release|Any CPU
		{70FAA141-DD5E-4E22-8ECA-8B8F71AD322F}.Release|x64.ActiveCfg = Release|Any CPU
		{70FAA141-DD5E-4E22-8ECA-8B8F71AD322F}.Release|x64.Build.0 = Release|Any CPU
		{70FAA141-DD5E-4E22-8ECA-8B8F71AD322F}.Release|x86.ActiveCfg = Release|Any CPU
		{70FAA141-DD5E-4E22-8ECA-8B8F71AD322F}.Release|x86.Build.0 = Release|Any CPU
		{F58D02D6-5C6D-4663-AA8D-B85A9387D6BF}.Debug|Any CPU.ActiveCfg = Debug|Any CPU
		{F58D02D6-5C6D-4663-AA8D-B85A9387D6BF}.Debug|Any CPU.Build.0 = Debug|Any CPU
		{F58D02D6-5C6D-4663-AA8D-B85A9387D6BF}.Debug|x64.ActiveCfg = Debug|Any CPU
		{F58D02D6-5C6D-4663-AA8D-B85A9387D6BF}.Debug|x64.Build.0 = Debug|Any CPU
		{F58D02D6-5C6D-4663-AA8D-B85A9387D6BF}.Debug|x86.ActiveCfg = Debug|Any CPU
		{F58D02D6-5C6D-4663-AA8D-B85A9387D6BF}.Debug|x86.Build.0 = Debug|Any CPU
		{F58D02D6-5C6D-4663-AA8D-B85A9387D6BF}.Release|Any CPU.ActiveCfg = Release|Any CPU
		{F58D02D6-5C6D-4663-AA8D-B85A9387D6BF}.Release|Any CPU.Build.0 = Release|Any CPU
		{F58D02D6-5C6D-4663-AA8D-B85A9387D6BF}.Release|x64.ActiveCfg = Release|Any CPU
		{F58D02D6-5C6D-4663-AA8D-B85A9387D6BF}.Release|x64.Build.0 = Release|Any CPU
		{F58D02D6-5C6D-4663-AA8D-B85A9387D6BF}.Release|x86.ActiveCfg = Release|Any CPU
		{F58D02D6-5C6D-4663-AA8D-B85A9387D6BF}.Release|x86.Build.0 = Release|Any CPU
		{7C79FFD6-68CE-4CB6-8F62-52FB4A98846D}.Debug|Any CPU.ActiveCfg = Debug|Any CPU
		{7C79FFD6-68CE-4CB6-8F62-52FB4A98846D}.Debug|Any CPU.Build.0 = Debug|Any CPU
		{7C79FFD6-68CE-4CB6-8F62-52FB4A98846D}.Debug|x64.ActiveCfg = Debug|Any CPU
		{7C79FFD6-68CE-4CB6-8F62-52FB4A98846D}.Debug|x64.Build.0 = Debug|Any CPU
		{7C79FFD6-68CE-4CB6-8F62-52FB4A98846D}.Debug|x86.ActiveCfg = Debug|Any CPU
		{7C79FFD6-68CE-4CB6-8F62-52FB4A98846D}.Debug|x86.Build.0 = Debug|Any CPU
		{7C79FFD6-68CE-4CB6-8F62-52FB4A98846D}.Release|Any CPU.ActiveCfg = Release|Any CPU
		{7C79FFD6-68CE-4CB6-8F62-52FB4A98846D}.Release|Any CPU.Build.0 = Release|Any CPU
		{7C79FFD6-68CE-4CB6-8F62-52FB4A98846D}.Release|x64.ActiveCfg = Release|Any CPU
		{7C79FFD6-68CE-4CB6-8F62-52FB4A98846D}.Release|x64.Build.0 = Release|Any CPU
		{7C79FFD6-68CE-4CB6-8F62-52FB4A98846D}.Release|x86.ActiveCfg = Release|Any CPU
		{7C79FFD6-68CE-4CB6-8F62-52FB4A98846D}.Release|x86.Build.0 = Release|Any CPU
		{E4731223-CE5A-4719-8359-D703F2C7758B}.Debug|Any CPU.ActiveCfg = Debug|Any CPU
		{E4731223-CE5A-4719-8359-D703F2C7758B}.Debug|Any CPU.Build.0 = Debug|Any CPU
		{E4731223-CE5A-4719-8359-D703F2C7758B}.Debug|x64.ActiveCfg = Debug|Any CPU
		{E4731223-CE5A-4719-8359-D703F2C7758B}.Debug|x64.Build.0 = Debug|Any CPU
		{E4731223-CE5A-4719-8359-D703F2C7758B}.Debug|x86.ActiveCfg = Debug|Any CPU
		{E4731223-CE5A-4719-8359-D703F2C7758B}.Debug|x86.Build.0 = Debug|Any CPU
		{E4731223-CE5A-4719-8359-D703F2C7758B}.Release|Any CPU.ActiveCfg = Release|Any CPU
		{E4731223-CE5A-4719-8359-D703F2C7758B}.Release|Any CPU.Build.0 = Release|Any CPU
		{E4731223-CE5A-4719-8359-D703F2C7758B}.Release|x64.ActiveCfg = Release|Any CPU
		{E4731223-CE5A-4719-8359-D703F2C7758B}.Release|x64.Build.0 = Release|Any CPU
		{E4731223-CE5A-4719-8359-D703F2C7758B}.Release|x86.ActiveCfg = Release|Any CPU
		{E4731223-CE5A-4719-8359-D703F2C7758B}.Release|x86.Build.0 = Release|Any CPU
		{6DCB260E-395B-4407-8E74-FA86EE3324CE}.Debug|Any CPU.ActiveCfg = Debug|Any CPU
		{6DCB260E-395B-4407-8E74-FA86EE3324CE}.Debug|Any CPU.Build.0 = Debug|Any CPU
		{6DCB260E-395B-4407-8E74-FA86EE3324CE}.Debug|x64.ActiveCfg = Debug|Any CPU
		{6DCB260E-395B-4407-8E74-FA86EE3324CE}.Debug|x64.Build.0 = Debug|Any CPU
		{6DCB260E-395B-4407-8E74-FA86EE3324CE}.Debug|x86.ActiveCfg = Debug|Any CPU
		{6DCB260E-395B-4407-8E74-FA86EE3324CE}.Debug|x86.Build.0 = Debug|Any CPU
		{6DCB260E-395B-4407-8E74-FA86EE3324CE}.Release|Any CPU.ActiveCfg = Release|Any CPU
		{6DCB260E-395B-4407-8E74-FA86EE3324CE}.Release|Any CPU.Build.0 = Release|Any CPU
		{6DCB260E-395B-4407-8E74-FA86EE3324CE}.Release|x64.ActiveCfg = Release|Any CPU
		{6DCB260E-395B-4407-8E74-FA86EE3324CE}.Release|x64.Build.0 = Release|Any CPU
		{6DCB260E-395B-4407-8E74-FA86EE3324CE}.Release|x86.ActiveCfg = Release|Any CPU
		{6DCB260E-395B-4407-8E74-FA86EE3324CE}.Release|x86.Build.0 = Release|Any CPU
		{AF1A8821-045B-4B9D-AF85-01F5BB72D874}.Debug|Any CPU.ActiveCfg = Debug|Any CPU
		{AF1A8821-045B-4B9D-AF85-01F5BB72D874}.Debug|Any CPU.Build.0 = Debug|Any CPU
		{AF1A8821-045B-4B9D-AF85-01F5BB72D874}.Debug|x64.ActiveCfg = Debug|Any CPU
		{AF1A8821-045B-4B9D-AF85-01F5BB72D874}.Debug|x64.Build.0 = Debug|Any CPU
		{AF1A8821-045B-4B9D-AF85-01F5BB72D874}.Debug|x86.ActiveCfg = Debug|Any CPU
		{AF1A8821-045B-4B9D-AF85-01F5BB72D874}.Debug|x86.Build.0 = Debug|Any CPU
		{AF1A8821-045B-4B9D-AF85-01F5BB72D874}.Release|Any CPU.ActiveCfg = Release|Any CPU
		{AF1A8821-045B-4B9D-AF85-01F5BB72D874}.Release|Any CPU.Build.0 = Release|Any CPU
		{AF1A8821-045B-4B9D-AF85-01F5BB72D874}.Release|x64.ActiveCfg = Release|Any CPU
		{AF1A8821-045B-4B9D-AF85-01F5BB72D874}.Release|x64.Build.0 = Release|Any CPU
		{AF1A8821-045B-4B9D-AF85-01F5BB72D874}.Release|x86.ActiveCfg = Release|Any CPU
		{AF1A8821-045B-4B9D-AF85-01F5BB72D874}.Release|x86.Build.0 = Release|Any CPU
		{EE05D64D-1336-4AEE-9D18-CFCD410F0A8B}.Debug|Any CPU.ActiveCfg = Debug|Any CPU
		{EE05D64D-1336-4AEE-9D18-CFCD410F0A8B}.Debug|Any CPU.Build.0 = Debug|Any CPU
		{EE05D64D-1336-4AEE-9D18-CFCD410F0A8B}.Debug|x64.ActiveCfg = Debug|Any CPU
		{EE05D64D-1336-4AEE-9D18-CFCD410F0A8B}.Debug|x64.Build.0 = Debug|Any CPU
		{EE05D64D-1336-4AEE-9D18-CFCD410F0A8B}.Debug|x86.ActiveCfg = Debug|Any CPU
		{EE05D64D-1336-4AEE-9D18-CFCD410F0A8B}.Debug|x86.Build.0 = Debug|Any CPU
		{EE05D64D-1336-4AEE-9D18-CFCD410F0A8B}.Release|Any CPU.ActiveCfg = Release|Any CPU
		{EE05D64D-1336-4AEE-9D18-CFCD410F0A8B}.Release|Any CPU.Build.0 = Release|Any CPU
		{EE05D64D-1336-4AEE-9D18-CFCD410F0A8B}.Release|x64.ActiveCfg = Release|Any CPU
		{EE05D64D-1336-4AEE-9D18-CFCD410F0A8B}.Release|x64.Build.0 = Release|Any CPU
		{EE05D64D-1336-4AEE-9D18-CFCD410F0A8B}.Release|x86.ActiveCfg = Release|Any CPU
		{EE05D64D-1336-4AEE-9D18-CFCD410F0A8B}.Release|x86.Build.0 = Release|Any CPU
		{A76540F4-1AF8-41EB-BD8F-8430A676AB35}.Debug|Any CPU.ActiveCfg = Debug|Any CPU
		{A76540F4-1AF8-41EB-BD8F-8430A676AB35}.Debug|Any CPU.Build.0 = Debug|Any CPU
		{A76540F4-1AF8-41EB-BD8F-8430A676AB35}.Debug|x64.ActiveCfg = Debug|Any CPU
		{A76540F4-1AF8-41EB-BD8F-8430A676AB35}.Debug|x64.Build.0 = Debug|Any CPU
		{A76540F4-1AF8-41EB-BD8F-8430A676AB35}.Debug|x86.ActiveCfg = Debug|Any CPU
		{A76540F4-1AF8-41EB-BD8F-8430A676AB35}.Debug|x86.Build.0 = Debug|Any CPU
		{A76540F4-1AF8-41EB-BD8F-8430A676AB35}.Release|Any CPU.ActiveCfg = Release|Any CPU
		{A76540F4-1AF8-41EB-BD8F-8430A676AB35}.Release|Any CPU.Build.0 = Release|Any CPU
		{A76540F4-1AF8-41EB-BD8F-8430A676AB35}.Release|x64.ActiveCfg = Release|Any CPU
		{A76540F4-1AF8-41EB-BD8F-8430A676AB35}.Release|x64.Build.0 = Release|Any CPU
		{A76540F4-1AF8-41EB-BD8F-8430A676AB35}.Release|x86.ActiveCfg = Release|Any CPU
		{A76540F4-1AF8-41EB-BD8F-8430A676AB35}.Release|x86.Build.0 = Release|Any CPU
		{A54A13D3-62BB-480E-89B8-EC155EB7F054}.Debug|Any CPU.ActiveCfg = Debug|Any CPU
		{A54A13D3-62BB-480E-89B8-EC155EB7F054}.Debug|Any CPU.Build.0 = Debug|Any CPU
		{A54A13D3-62BB-480E-89B8-EC155EB7F054}.Debug|x64.ActiveCfg = Debug|Any CPU
		{A54A13D3-62BB-480E-89B8-EC155EB7F054}.Debug|x64.Build.0 = Debug|Any CPU
		{A54A13D3-62BB-480E-89B8-EC155EB7F054}.Debug|x86.ActiveCfg = Debug|Any CPU
		{A54A13D3-62BB-480E-89B8-EC155EB7F054}.Debug|x86.Build.0 = Debug|Any CPU
		{A54A13D3-62BB-480E-89B8-EC155EB7F054}.Release|Any CPU.ActiveCfg = Release|Any CPU
		{A54A13D3-62BB-480E-89B8-EC155EB7F054}.Release|Any CPU.Build.0 = Release|Any CPU
		{A54A13D3-62BB-480E-89B8-EC155EB7F054}.Release|x64.ActiveCfg = Release|Any CPU
		{A54A13D3-62BB-480E-89B8-EC155EB7F054}.Release|x64.Build.0 = Release|Any CPU
		{A54A13D3-62BB-480E-89B8-EC155EB7F054}.Release|x86.ActiveCfg = Release|Any CPU
		{A54A13D3-62BB-480E-89B8-EC155EB7F054}.Release|x86.Build.0 = Release|Any CPU
		{10346A5A-7838-4FB3-8BF4-9FEFB97AE308}.Debug|Any CPU.ActiveCfg = Debug|Any CPU
		{10346A5A-7838-4FB3-8BF4-9FEFB97AE308}.Debug|Any CPU.Build.0 = Debug|Any CPU
		{10346A5A-7838-4FB3-8BF4-9FEFB97AE308}.Debug|x64.ActiveCfg = Debug|Any CPU
		{10346A5A-7838-4FB3-8BF4-9FEFB97AE308}.Debug|x64.Build.0 = Debug|Any CPU
		{10346A5A-7838-4FB3-8BF4-9FEFB97AE308}.Debug|x86.ActiveCfg = Debug|Any CPU
		{10346A5A-7838-4FB3-8BF4-9FEFB97AE308}.Debug|x86.Build.0 = Debug|Any CPU
		{10346A5A-7838-4FB3-8BF4-9FEFB97AE308}.Release|Any CPU.ActiveCfg = Release|Any CPU
		{10346A5A-7838-4FB3-8BF4-9FEFB97AE308}.Release|Any CPU.Build.0 = Release|Any CPU
		{10346A5A-7838-4FB3-8BF4-9FEFB97AE308}.Release|x64.ActiveCfg = Release|Any CPU
		{10346A5A-7838-4FB3-8BF4-9FEFB97AE308}.Release|x64.Build.0 = Release|Any CPU
		{10346A5A-7838-4FB3-8BF4-9FEFB97AE308}.Release|x86.ActiveCfg = Release|Any CPU
		{10346A5A-7838-4FB3-8BF4-9FEFB97AE308}.Release|x86.Build.0 = Release|Any CPU
	EndGlobalSection
	GlobalSection(SolutionProperties) = preSolution
		HideSolutionNode = FALSE
	EndGlobalSection
	GlobalSection(NestedProjects) = preSolution
		{987DF544-BAFD-43C1-813C-E60B4EFB57D5} = {B4750B58-5FF2-4EA1-801C-30AABFA9D55D}
		{D28C254F-C365-4147-8F54-C4FD4942A33C} = {B4750B58-5FF2-4EA1-801C-30AABFA9D55D}
		{977432EC-F166-48AC-A3D6-4FF5E5EF9672} = {B4750B58-5FF2-4EA1-801C-30AABFA9D55D}
		{95506E0C-E715-4F13-8184-61F8138C10CD} = {0AB3BF05-4346-4AA6-1389-037BE0695223}
		{F6BC28A1-66D8-5A63-6086-A0C23CA886C1} = {B4750B58-5FF2-4EA1-801C-30AABFA9D55D}
		{FA8C26EC-94BC-46CF-B0E6-E584947435B4} = {F6BC28A1-66D8-5A63-6086-A0C23CA886C1}
		{70FAA141-DD5E-4E22-8ECA-8B8F71AD322F} = {F6BC28A1-66D8-5A63-6086-A0C23CA886C1}
		{F58D02D6-5C6D-4663-AA8D-B85A9387D6BF} = {F6BC28A1-66D8-5A63-6086-A0C23CA886C1}
		{7C79FFD6-68CE-4CB6-8F62-52FB4A98846D} = {F6BC28A1-66D8-5A63-6086-A0C23CA886C1}
		{E4731223-CE5A-4719-8359-D703F2C7758B} = {F6BC28A1-66D8-5A63-6086-A0C23CA886C1}
		{6DCB260E-395B-4407-8E74-FA86EE3324CE} = {F6BC28A1-66D8-5A63-6086-A0C23CA886C1}
		{AF1A8821-045B-4B9D-AF85-01F5BB72D874} = {F6BC28A1-66D8-5A63-6086-A0C23CA886C1}
		{EE05D64D-1336-4AEE-9D18-CFCD410F0A8B} = {F6BC28A1-66D8-5A63-6086-A0C23CA886C1}
		{A76540F4-1AF8-41EB-BD8F-8430A676AB35} = {F6BC28A1-66D8-5A63-6086-A0C23CA886C1}
		{A54A13D3-62BB-480E-89B8-EC155EB7F054} = {F6BC28A1-66D8-5A63-6086-A0C23CA886C1}
		{FBA104E4-D07E-A8BE-287D-81EE7E804C3F} = {0AB3BF05-4346-4AA6-1389-037BE0695223}
		{10346A5A-7838-4FB3-8BF4-9FEFB97AE308} = {FBA104E4-D07E-A8BE-287D-81EE7E804C3F}
	EndGlobalSection
EndGlobal
