
Microsoft Visual Studio Solution File, Format Version 12.00
# Visual Studio Version 17
VisualStudioVersion = 17.0.31903.59
MinimumVisualStudioVersion = 10.0.40219.1
Project("{2150E333-8FDC-42A3-9474-1A3956D46DE8}") = "src", "src", "{B4750B58-5FF2-4EA1-801C-30AABFA9D55D}"
EndProject
Project("{F2A71F9B-5D33-465A-A702-920D77279786}") = "Whb.Core", "src\Whb.Core\Whb.Core.fsproj", "{987DF544-BAFD-43C1-813C-E60B4EFB57D5}"
EndProject
Project("{F2A71F9B-5D33-465A-A702-920D77279786}") = "Whb.Cli", "src\Whb.Cli\Whb.Cli.fsproj", "{977432EC-F166-48AC-A3D6-4FF5E5EF9672}"
EndProject
Project("{2150E333-8FDC-42A3-9474-1A3956D46DE8}") = "tests", "tests", "{0AB3BF05-4346-4AA6-1389-037BE0695223}"
EndProject
Project("{F2A71F9B-5D33-465A-A702-920D77279786}") = "Whb.Tests", "tests\Whb.Tests\Whb.Tests.fsproj", "{95506E0C-E715-4F13-8184-61F8138C10CD}"
EndProject
Global
	GlobalSection(SolutionConfigurationPlatforms) = preSolution
		Debug|Any CPU = Debug|Any CPU
		Release|Any CPU = Release|Any CPU
	EndGlobalSection
	GlobalSection(ProjectConfigurationPlatforms) = postSolution
		{987DF544-BAFD-43C1-813C-E60B4EFB57D5}.Debug|Any CPU.ActiveCfg = Debug|Any CPU
		{987DF544-BAFD-43C1-813C-E60B4EFB57D5}.Debug|Any CPU.Build.0 = Debug|Any CPU
		{987DF544-BAFD-43C1-813C-E60B4EFB57D5}.Release|Any CPU.ActiveCfg = Release|Any CPU
		{987DF544-BAFD-43C1-813C-E60B4EFB57D5}.Release|Any CPU.Build.0 = Release|Any CPU
		{977432EC-F166-48AC-A3D6-4FF5E5EF9672}.Debug|Any CPU.ActiveCfg = Debug|Any CPU
		{977432EC-F166-48AC-A3D6-4FF5E5EF9672}.Debug|Any CPU.Build.0 = Debug|Any CPU
		{977432EC-F166-48AC-A3D6-4FF5E5EF9672}.Release|Any CPU.ActiveCfg = Release|Any CPU
		{977432EC-F166-48AC-A3D6-4FF5E5EF9672}.Release|Any CPU.Build.0 = Release|Any CPU
		{95506E0C-E715-4F13-8184-61F8138C10CD}.Debug|Any CPU.ActiveCfg = Debug|Any CPU
		{95506E0C-E715-4F13-8184-61F8138C10CD}.Debug|Any CPU.Build.0 = Debug|Any CPU
		{95506E0C-E715-4F13-8184-61F8138C10CD}.Release|Any CPU.ActiveCfg = Release|Any CPU
		{95506E0C-E715-4F13-8184-61F8138C10CD}.Release|Any CPU.Build.0 = Release|Any CPU
	EndGlobalSection
	GlobalSection(SolutionProperties) = preSolution
		HideSolutionNode = FALSE
	EndGlobalSection
	GlobalSection(NestedProjects) = preSolution
		{987DF544-BAFD-43C1-813C-E60B4EFB57D5} = {B4750B58-5FF2-4EA1-801C-30AABFA9D55D}
		{977432EC-F166-48AC-A3D6-4FF5E5EF9672} = {B4750B58-5FF2-4EA1-801C-30AABFA9D55D}
		{95506E0C-E715-4F13-8184-61F8138C10CD} = {0AB3BF05-4346-4AA6-1389-037BE0695223}
	EndGlobalSection
EndGlobal
